
Microsoft Visual Studio Solution File, Format Version 12.00
# Visual Studio Version 16
VisualStudioVersion = 16.0.30011.22
MinimumVisualStudioVersion = 10.0.40219.1
Project("{FAE04EC0-301F-11D3-BF4B-00C04F79EFBC}") = "projetoCurricular v002", "projetoCurricular v002.csproj", "{0800CC16-488F-43BC-A707-1A7F57B044EE}"
EndProject
Global
	GlobalSection(SolutionConfigurationPlatforms) = preSolution
		Debug|Any CPU = Debug|Any CPU
		Release|Any CPU = Release|Any CPU
	EndGlobalSection
	GlobalSection(ProjectConfigurationPlatforms) = postSolution
		{0800CC16-488F-43BC-A707-1A7F57B044EE}.Debug|Any CPU.ActiveCfg = Debug|Any CPU
		{0800CC16-488F-43BC-A707-1A7F57B044EE}.Debug|Any CPU.Build.0 = Debug|Any CPU
		{0800CC16-488F-43BC-A707-1A7F57B044EE}.Release|Any CPU.ActiveCfg = Release|Any CPU
		{0800CC16-488F-43BC-A707-1A7F57B044EE}.Release|Any CPU.Build.0 = Release|Any CPU
	EndGlobalSection
	GlobalSection(SolutionProperties) = preSolution
		HideSolutionNode = FALSE
	EndGlobalSection
	GlobalSection(ExtensibilityGlobals) = postSolution
		SolutionGuid = {9EA2DAF4-9012-4BB5-9323-31D8BECFB696}
	EndGlobalSection
EndGlobal
